
Microsoft Visual Studio Solution File, Format Version 11.00
# Visual Studio 2010
Project("{FAE04EC0-301F-11D3-BF4B-00C04F79EFBC}") = "ViktVaktare", "ViktVaktare\ViktVaktare.csproj", "{D39E13BB-A39E-46D3-8DF5-89F2A0261A09}"
EndProject
Project("{FAE04EC0-301F-11D3-BF4B-00C04F79EFBC}") = "ViktVaktare.Test", "ViktVaktare.Test\ViktVaktare.Test.csproj", "{A74307F7-B29B-4668-B63F-F193CF7C2F55}"
EndProject
Global
	GlobalSection(SolutionConfigurationPlatforms) = preSolution
		Debug|Any CPU = Debug|Any CPU
		Debug|Mixed Platforms = Debug|Mixed Platforms
		Debug|x86 = Debug|x86
		Release|Any CPU = Release|Any CPU
		Release|Mixed Platforms = Release|Mixed Platforms
		Release|x86 = Release|x86
	EndGlobalSection
	GlobalSection(ProjectConfigurationPlatforms) = postSolution
		{D39E13BB-A39E-46D3-8DF5-89F2A0261A09}.Debug|Any CPU.ActiveCfg = Debug|x86
		{D39E13BB-A39E-46D3-8DF5-89F2A0261A09}.Debug|Mixed Platforms.ActiveCfg = Debug|x86
		{D39E13BB-A39E-46D3-8DF5-89F2A0261A09}.Debug|Mixed Platforms.Build.0 = Debug|x86
		{D39E13BB-A39E-46D3-8DF5-89F2A0261A09}.Debug|x86.ActiveCfg = Debug|x86
		{D39E13BB-A39E-46D3-8DF5-89F2A0261A09}.Debug|x86.Build.0 = Debug|x86
		{D39E13BB-A39E-46D3-8DF5-89F2A0261A09}.Release|Any CPU.ActiveCfg = Release|x86
		{D39E13BB-A39E-46D3-8DF5-89F2A0261A09}.Release|Mixed Platforms.ActiveCfg = Release|x86
		{D39E13BB-A39E-46D3-8DF5-89F2A0261A09}.Release|Mixed Platforms.Build.0 = Release|x86
		{D39E13BB-A39E-46D3-8DF5-89F2A0261A09}.Release|x86.ActiveCfg = Release|x86
		{D39E13BB-A39E-46D3-8DF5-89F2A0261A09}.Release|x86.Build.0 = Release|x86
		{A74307F7-B29B-4668-B63F-F193CF7C2F55}.Debug|Any CPU.ActiveCfg = Debug|Any CPU
		{A74307F7-B29B-4668-B63F-F193CF7C2F55}.Debug|Any CPU.Build.0 = Debug|Any CPU
		{A74307F7-B29B-4668-B63F-F193CF7C2F55}.Debug|Mixed Platforms.ActiveCfg = Debug|Any CPU
		{A74307F7-B29B-4668-B63F-F193CF7C2F55}.Debug|Mixed Platforms.Build.0 = Debug|Any CPU
		{A74307F7-B29B-4668-B63F-F193CF7C2F55}.Debug|x86.ActiveCfg = Debug|Any CPU
		{A74307F7-B29B-4668-B63F-F193CF7C2F55}.Release|Any CPU.ActiveCfg = Release|Any CPU
		{A74307F7-B29B-4668-B63F-F193CF7C2F55}.Release|Any CPU.Build.0 = Release|Any CPU
		{A74307F7-B29B-4668-B63F-F193CF7C2F55}.Release|Mixed Platforms.ActiveCfg = Release|Any CPU
		{A74307F7-B29B-4668-B63F-F193CF7C2F55}.Release|Mixed Platforms.Build.0 = Release|Any CPU
		{A74307F7-B29B-4668-B63F-F193CF7C2F55}.Release|x86.ActiveCfg = Release|Any CPU
	EndGlobalSection
	GlobalSection(SolutionProperties) = preSolution
		HideSolutionNode = FALSE
	EndGlobalSection
EndGlobal
